
Microsoft Visual Studio Solution File, Format Version 12.00
# Visual Studio Version 17
VisualStudioVersion = 17.4.33213.308
MinimumVisualStudioVersion = 10.0.40219.1
Project("{FAE04EC0-301F-11D3-BF4B-00C04F79EFBC}") = "Module32_MVC_core7", "Module32_MVC_core7.csproj", "{07B3AEFD-F2C6-4447-9C3E-D63D2E635FE9}"
EndProject
Global
	GlobalSection(SolutionConfigurationPlatforms) = preSolution
		Debug|Any CPU = Debug|Any CPU
		Release|Any CPU = Release|Any CPU
	EndGlobalSection
	GlobalSection(ProjectConfigurationPlatforms) = postSolution
		{07B3AEFD-F2C6-4447-9C3E-D63D2E635FE9}.Debug|Any CPU.ActiveCfg = Debug|Any CPU
		{07B3AEFD-F2C6-4447-9C3E-D63D2E635FE9}.Debug|Any CPU.Build.0 = Debug|Any CPU
		{07B3AEFD-F2C6-4447-9C3E-D63D2E635FE9}.Release|Any CPU.ActiveCfg = Release|Any CPU
		{07B3AEFD-F2C6-4447-9C3E-D63D2E635FE9}.Release|Any CPU.Build.0 = Release|Any CPU
	EndGlobalSection
	GlobalSection(SolutionProperties) = preSolution
		HideSolutionNode = FALSE
	EndGlobalSection
	GlobalSection(ExtensibilityGlobals) = postSolution
		SolutionGuid = {A800FE3E-729D-4124-8533-CBB4EFCA0AD9}
	EndGlobalSection
EndGlobal
